Microsoft Visual Studio Solution File, Format Version 12.00
# Visual Studio Version 16
VisualStudioVersion = 16.0.30611.23
MinimumVisualStudioVersion = 10.0.40219.1
Project("{9A19103F-16F7-4668-BE54-9A1E7A4F7556}") = "Task_2", "Task_2\Task_2.csproj", "{171A5904-5E26-45FD-B73F-CF96AFE04A61}"
EndProject
Project("{9A19103F-16F7-4668-BE54-9A1E7A4F7556}") = "Task_4", "Task_4\Task_4.csproj", "{0557774E-1B38-474D-B6D9-B4471CBB64CA}"
EndProject
Project("{9A19103F-16F7-4668-BE54-9A1E7A4F7556}") = "Task_3", "Task_3\Task_3.csproj", "{77916F34-7534-41D3-931B-C717CDB6AE2A}"
EndProject
Project("{9A19103F-16F7-4668-BE54-9A1E7A4F7556}") = "Task_5", "Task_5\Task_5.csproj", "{AEC7ADAA-6098-48B7-962F-E16CAF41FEC2}"
EndProject
Project("{9A19103F-16F7-4668-BE54-9A1E7A4F7556}") = "Task_6", "Task_6\Task_6.csproj", "{3FCAAF95-3BD8-42B3-A6AD-3FCB6315D62A}"
EndProject
Project("{9A19103F-16F7-4668-BE54-9A1E7A4F7556}") = "Task_7", "Task_7\Task_7.csproj", "{7E24EF47-40CD-46A3-9EB5-7EF94D933DFC}"
EndProject
Project("{9A19103F-16F7-4668-BE54-9A1E7A4F7556}") = "Task_8", "Task_8\Task_8.csproj", "{F2CBDF36-2821-447F-8A4E-3EC5961B08AD}"
EndProject
Project("{9A19103F-16F7-4668-BE54-9A1E7A4F7556}") = "Task_9", "Task_9\Task_9.csproj", "{13BBFD2D-78FA-41FA-B918-7BEE16D61903}"
EndProject
Project("{9A19103F-16F7-4668-BE54-9A1E7A4F7556}") = "Task_10", "Task_10\Task_10.csproj", "{79DAB3FA-16ED-40A6-8828-83BBB9C0E9AB}"
EndProject
Project("{FAE04EC0-301F-11D3-BF4B-00C04F79EFBC}") = "Task_13", "Task_13\Task_13.csproj", "{312AB2CE-23BF-47CD-ADFA-29C59C73108F}"
EndProject
Project("{FAE04EC0-301F-11D3-BF4B-00C04F79EFBC}") = "Task_12", "Task_12\Task_12.csproj", "{DF48F59A-B980-4CFF-B2DF-05D799BE7A4A}"
EndProject
Project("{FAE04EC0-301F-11D3-BF4B-00C04F79EFBC}") = "TestAssembly", "TestAssembly\TestAssembly.csproj", "{6A992740-9BF2-4E51-B3E4-D1912D8CA62E}"
EndProject
Global
	GlobalSection(SolutionConfigurationPlatforms) = preSolution
		Debug|Any CPU = Debug|Any CPU
		Release|Any CPU = Release|Any CPU
	EndGlobalSection
	GlobalSection(ProjectConfigurationPlatforms) = postSolution
		{171A5904-5E26-45FD-B73F-CF96AFE04A61}.Debug|Any CPU.ActiveCfg = Debug|Any CPU
		{171A5904-5E26-45FD-B73F-CF96AFE04A61}.Debug|Any CPU.Build.0 = Debug|Any CPU
		{171A5904-5E26-45FD-B73F-CF96AFE04A61}.Release|Any CPU.ActiveCfg = Release|Any CPU
		{171A5904-5E26-45FD-B73F-CF96AFE04A61}.Release|Any CPU.Build.0 = Release|Any CPU
		{0557774E-1B38-474D-B6D9-B4471CBB64CA}.Debug|Any CPU.ActiveCfg = Debug|Any CPU
		{0557774E-1B38-474D-B6D9-B4471CBB64CA}.Debug|Any CPU.Build.0 = Debug|Any CPU
		{0557774E-1B38-474D-B6D9-B4471CBB64CA}.Release|Any CPU.ActiveCfg = Release|Any CPU
		{0557774E-1B38-474D-B6D9-B4471CBB64CA}.Release|Any CPU.Build.0 = Release|Any CPU
		{77916F34-7534-41D3-931B-C717CDB6AE2A}.Debug|Any CPU.ActiveCfg = Debug|Any CPU
		{77916F34-7534-41D3-931B-C717CDB6AE2A}.Debug|Any CPU.Build.0 = Debug|Any CPU
		{77916F34-7534-41D3-931B-C717CDB6AE2A}.Release|Any CPU.ActiveCfg = Release|Any CPU
		{77916F34-7534-41D3-931B-C717CDB6AE2A}.Release|Any CPU.Build.0 = Release|Any CPU
		{AEC7ADAA-6098-48B7-962F-E16CAF41FEC2}.Debug|Any CPU.ActiveCfg = Debug|Any CPU
		{AEC7ADAA-6098-48B7-962F-E16CAF41FEC2}.Debug|Any CPU.Build.0 = Debug|Any CPU
		{AEC7ADAA-6098-48B7-962F-E16CAF41FEC2}.Release|Any CPU.ActiveCfg = Release|Any CPU
		{AEC7ADAA-6098-48B7-962F-E16CAF41FEC2}.Release|Any CPU.Build.0 = Release|Any CPU
		{3FCAAF95-3BD8-42B3-A6AD-3FCB6315D62A}.Debug|Any CPU.ActiveCfg = Debug|Any CPU
		{3FCAAF95-3BD8-42B3-A6AD-3FCB6315D62A}.Debug|Any CPU.Build.0 = Debug|Any CPU
		{3FCAAF95-3BD8-42B3-A6AD-3FCB6315D62A}.Release|Any CPU.ActiveCfg = Release|Any CPU
		{3FCAAF95-3BD8-42B3-A6AD-3FCB6315D62A}.Release|Any CPU.Build.0 = Release|Any CPU
		{7E24EF47-40CD-46A3-9EB5-7EF94D933DFC}.Debug|Any CPU.ActiveCfg = Debug|Any CPU
		{7E24EF47-40CD-46A3-9EB5-7EF94D933DFC}.Debug|Any CPU.Build.0 = Debug|Any CPU
		{7E24EF47-40CD-46A3-9EB5-7EF94D933DFC}.Release|Any CPU.ActiveCfg = Release|Any CPU
		{7E24EF47-40CD-46A3-9EB5-7EF94D933DFC}.Release|Any CPU.Build.0 = Release|Any CPU
		{F2CBDF36-2821-447F-8A4E-3EC5961B08AD}.Debug|Any CPU.ActiveCfg = Debug|Any CPU
		{F2CBDF36-2821-447F-8A4E-3EC5961B08AD}.Debug|Any CPU.Build.0 = Debug|Any CPU
		{F2CBDF36-2821-447F-8A4E-3EC5961B08AD}.Release|Any CPU.ActiveCfg = Release|Any CPU
		{F2CBDF36-2821-447F-8A4E-3EC5961B08AD}.Release|Any CPU.Build.0 = Release|Any CPU
		{13BBFD2D-78FA-41FA-B918-7BEE16D61903}.Debug|Any CPU.ActiveCfg = Debug|Any CPU
		{13BBFD2D-78FA-41FA-B918-7BEE16D61903}.Debug|Any CPU.Build.0 = Debug|Any CPU
		{13BBFD2D-78FA-41FA-B918-7BEE16D61903}.Release|Any CPU.ActiveCfg = Release|Any CPU
		{13BBFD2D-78FA-41FA-B918-7BEE16D61903}.Release|Any CPU.Build.0 = Release|Any CPU
		{79DAB3FA-16ED-40A6-8828-83BBB9C0E9AB}.Debug|Any CPU.ActiveCfg = Debug|Any CPU
		{79DAB3FA-16ED-40A6-8828-83BBB9C0E9AB}.Debug|Any CPU.Build.0 = Debug|Any CPU
		{79DAB3FA-16ED-40A6-8828-83BBB9C0E9AB}.Release|Any CPU.ActiveCfg = Release|Any CPU
		{79DAB3FA-16ED-40A6-8828-83BBB9C0E9AB}.Release|Any CPU.Build.0 = Release|Any CPU
		{312AB2CE-23BF-47CD-ADFA-29C59C73108F}.Debug|Any CPU.ActiveCfg = Debug|Any CPU
		{312AB2CE-23BF-47CD-ADFA-29C59C73108F}.Debug|Any CPU.Build.0 = Debug|Any CPU
		{312AB2CE-23BF-47CD-ADFA-29C59C73108F}.Release|Any CPU.ActiveCfg = Release|Any CPU
		{312AB2CE-23BF-47CD-ADFA-29C59C73108F}.Release|Any CPU.Build.0 = Release|Any CPU
		{DF48F59A-B980-4CFF-B2DF-05D799BE7A4A}.Debug|Any CPU.ActiveCfg = Debug|Any CPU
		{DF48F59A-B980-4CFF-B2DF-05D799BE7A4A}.Debug|Any CPU.Build.0 = Debug|Any CPU
		{DF48F59A-B980-4CFF-B2DF-05D799BE7A4A}.Release|Any CPU.ActiveCfg = Release|Any CPU
		{DF48F59A-B980-4CFF-B2DF-05D799BE7A4A}.Release|Any CPU.Build.0 = Release|Any CPU
		{6A992740-9BF2-4E51-B3E4-D1912D8CA62E}.Debug|Any CPU.ActiveCfg = Debug|Any CPU
		{6A992740-9BF2-4E51-B3E4-D1912D8CA62E}.Debug|Any CPU.Build.0 = Debug|Any CPU
		{6A992740-9BF2-4E51-B3E4-D1912D8CA62E}.Release|Any CPU.ActiveCfg = Release|Any CPU
		{6A992740-9BF2-4E51-B3E4-D1912D8CA62E}.Release|Any CPU.Build.0 = Release|Any CPU
	EndGlobalSection
	GlobalSection(SolutionProperties) = preSolution
		HideSolutionNode = FALSE
	EndGlobalSection
	GlobalSection(ExtensibilityGlobals) = postSolution
		SolutionGuid = {ADAEE5B6-DCBE-4E01-8F71-F0D38ECC6CEA}
	EndGlobalSection
EndGlobal
